{
  "name": "paginaVenda",
  "lockfileVersion": 2,
  "requires": true,
  "packages": {
    "": {
      "dependencies": {
        "hls.js": "^1.6.5"
      }
    },
    "node_modules/hls.js": {
      "version": "1.6.5",
      "resolved": "https://registry.npmjs.org/hls.js/-/hls.js-1.6.5.tgz",
      "integrity": "sha512-KMn5n7JBK+olC342740hDPHnGWfE8FiHtGMOdJPfUjRdARTWj9OB+8c13fnsf9sk1VtpuU2fKSgUjHvg4rNbzQ==",
      "license": "Apache-2.0"
    }
  },
  "dependencies": {
    "hls.js": {
      "version": "1.6.5",
      "resolved": "https://registry.npmjs.org/hls.js/-/hls.js-1.6.5.tgz",
      "integrity": "sha512-KMn5n7JBK+olC342740hDPHnGWfE8FiHtGMOdJPfUjRdARTWj9OB+8c13fnsf9sk1VtpuU2fKSgUjHvg4rNbzQ=="
    }
  }
}
